// !$*UTF8*$!
{
	archiveVersion = 1;
	classes = {
	};
	objectVersion = 55;
	objects = {

/* Begin PBXBuildFile section */
		9BB0BCE528B919F800D03AE8 /* AppDelegate.swift in Sources */ = {isa = PBXBuildFile; fileRef = 9BB0BCE428B919F800D03AE8 /* AppDelegate.swift */; };
		9BB0BCE728B919F800D03AE8 /* SceneDelegate.swift in Sources */ = {isa = PBXBuildFile; fileRef = 9BB0BCE628B919F800D03AE8 /* SceneDelegate.swift */; };
		9BB0BCE928B919F800D03AE8 /* ViewController.swift in Sources */ = {isa = PBXBuildFile; fileRef = 9BB0BCE828B919F800D03AE8 /* ViewController.swift */; };
		9BB0BCEC28B919F800D03AE8 /* Main.storyboard in Resources */ = {isa = PBXBuildFile; fileRef = 9BB0BCEA28B919F800D03AE8 /* Main.storyboard */; };
		9BB0BCEE28B919FB00D03AE8 /* Assets.xcassets in Resources */ = {isa = PBXBuildFile; fileRef = 9BB0BCED28B919FA00D03AE8 /* Assets.xcassets */; };
		9BB0BCF128B919FB00D03AE8 /* LaunchScreen.storyboard in Resources */ = {isa = PBXBuildFile; fileRef = 9BB0BCEF28B919FB00D03AE8 /* LaunchScreen.storyboard */; };
		9BB0BCFC28B919FB00D03AE8 /* Practica4Tests.swift in Sources */ = {isa = PBXBuildFile; fileRef = 9BB0BCFB28B919FB00D03AE8 /* Practica4Tests.swift */; };
		9BB0BD0628B919FB00D03AE8 /* Practica4UITests.swift in Sources */ = {isa = PBXBuildFile; fileRef = 9BB0BD0528B919FB00D03AE8 /* Practica4UITests.swift */; };
		9BB0BD0828B919FB00D03AE8 /* Practica4UITestsLaunchTests.swift in Sources */ = {isa = PBXBuildFile; fileRef = 9BB0BD0728B919FB00D03AE8 /* Practica4UITestsLaunchTests.swift */; };
/* End PBXBuildFile section */

/* Begin PBXContainerItemProxy section */
		9BB0BCF828B919FB00D03AE8 /* PBXContainerItemProxy */ = {
			isa = PBXContainerItemProxy;
			containerPortal = 9BB0BCD928B919F800D03AE8 /* Project object */;
			proxyType = 1;
			remoteGlobalIDString = 9BB0BCE028B919F800D03AE8;
			remoteInfo = Practica4;
		};
		9BB0BD0228B919FB00D03AE8 /* PBXContainerItemProxy */ = {
			isa = PBXContainerItemProxy;
			containerPortal = 9BB0BCD928B919F800D03AE8 /* Project object */;
			proxyType = 1;
			remoteGlobalIDString = 9BB0BCE028B919F800D03AE8;
			remoteInfo = Practica4;
		};
/* End PBXContainerItemProxy section */

/* Begin PBXFileReference section */
		9BB0BCE128B919F800D03AE8 /* Practica4.app */ = {isa = PBXFileReference; explicitFileType = wrapper.application; includeInIndex = 0; path = Practica4.app; sourceTree = BUILT_PRODUCTS_DIR; };
		9BB0BCE428B919F800D03AE8 /* AppDelegate.swift */ = {isa = PBXFileReference; lastKnownFileType = sourcecode.swift; path = AppDelegate.swift; sourceTree = "<group>"; };
		9BB0BCE628B919F800D03AE8 /* SceneDelegate.swift */ = {isa = PBXFileReference; lastKnownFileType = sourcecode.swift; path = SceneDelegate.swift; sourceTree = "<group>"; };
		9BB0BCE828B919F800D03AE8 /* ViewController.swift */ = {isa = PBXFileReference; lastKnownFileType = sourcecode.swift; path = ViewController.swift; sourceTree = "<group>"; };
		9BB0BCEB28B919F800D03AE8 /* Base */ = {isa = PBXFileReference; lastKnownFileType = file.storyboard; name = Base; path = Base.lproj/Main.storyboard; sourceTree = "<group>"; };
		9BB0BCED28B919FA00D03AE8 /* Assets.xcassets */ = {isa = PBXFileReference; lastKnownFileType = folder.assetcatalog; path = Assets.xcassets; sourceTree = "<group>"; };
		9BB0BCF028B919FB00D03AE8 /* Base */ = {isa = PBXFileReference; lastKnownFileType = file.storyboard; name = Base; path = Base.lproj/LaunchScreen.storyboard; sourceTree = "<group>"; };
		9BB0BCF228B919FB00D03AE8 /* Info.plist */ = {isa = PBXFileReference; lastKnownFileType = text.plist.xml; path = Info.plist; sourceTree = "<group>"; };
		9BB0BCF728B919FB00D03AE8 /* Practica4Tests.xctest */ = {isa = PBXFileReference; explicitFileType = wrapper.cfbundle; includeInIndex = 0; path = Practica4Tests.xctest; sourceTree = BUILT_PRODUCTS_DIR; };
		9BB0BCFB28B919FB00D03AE8 /* Practica4Tests.swift */ = {isa = PBXFileReference; lastKnownFileType = sourcecode.swift; path = Practica4Tests.swift; sourceTree = "<group>"; };
		9BB0BD0128B919FB00D03AE8 /* Practica4UITests.xctest */ = {isa = PBXFileReference; explicitFileType = wrapper.cfbundle; includeInIndex = 0; path = Practica4UITests.xctest; sourceTree = BUILT_PRODUCTS_DIR; };
		9BB0BD0528B919FB00D03AE8 /* Practica4UITests.swift */ = {isa = PBXFileReference; lastKnownFileType = sourcecode.swift; path = Practica4UITests.swift; sourceTree = "<group>"; };
		9BB0BD0728B919FB00D03AE8 /* Practica4UITestsLaunchTests.swift */ = {isa = PBXFileReference; lastKnownFileType = sourcecode.swift; path = Practica4UITestsLaunchTests.swift; sourceTree = "<group>"; };
/* End PBXFileReference section */

/* Begin PBXFrameworksBuildPhase section */
		9BB0BCDE28B919F800D03AE8 /* Frameworks */ = {
			isa = PBXFrameworksBuildPhase;
			buildActionMask = 2147483647;
			files = (
			);
			runOnlyForDeploymentPostprocessing = 0;
		};
		9BB0BCF428B919FB00D03AE8 /* Frameworks */ = {
			isa = PBXFrameworksBuildPhase;
			buildActionMask = 2147483647;
			files = (
			);
			runOnlyForDeploymentPostprocessing = 0;
		};
		9BB0BCFE28B919FB00D03AE8 /* Frameworks */ = {
			isa = PBXFrameworksBuildPhase;
			buildActionMask = 2147483647;
			files = (
			);
			runOnlyForDeploymentPostprocessing = 0;
		};
/* End PBXFrameworksBuildPhase section */

/* Begin PBXGroup section */
		9BB0BCD828B919F800D03AE8 = {
			isa = PBXGroup;
			children = (
				9BB0BCE328B919F800D03AE8 /* Practica4 */,
				9BB0BCFA28B919FB00D03AE8 /* Practica4Tests */,
				9BB0BD0428B919FB00D03AE8 /* Practica4UITests */,
				9BB0BCE228B919F800D03AE8 /* Products */,
			);
			sourceTree = "<group>";
		};
		9BB0BCE228B919F800D03AE8 /* Products */ = {
			isa = PBXGroup;
			children = (
				9BB0BCE128B919F800D03AE8 /* Practica4.app */,
				9BB0BCF728B919FB00D03AE8 /* Practica4Tests.xctest */,
				9BB0BD0128B919FB00D03AE8 /* Practica4UITests.xctest */,
			);
			name = Products;
			sourceTree = "<group>";
		};
		9BB0BCE328B919F800D03AE8 /* Practica4 */ = {
			isa = PBXGroup;
			children = (
				9BB0BCE428B919F800D03AE8 /* AppDelegate.swift */,
				9BB0BCE628B919F800D03AE8 /* SceneDelegate.swift */,
				9BB0BCE828B919F800D03AE8 /* ViewController.swift */,
				9BB0BCEA28B919F800D03AE8 /* Main.storyboard */,
				9BB0BCED28B919FA00D03AE8 /* Assets.xcassets */,
				9BB0BCEF28B919FB00D03AE8 /* LaunchScreen.storyboard */,
				9BB0BCF228B919FB00D03AE8 /* Info.plist */,
			);
			path = Practica4;
			sourceTree = "<group>";
		};
		9BB0BCFA28B919FB00D03AE8 /* Practica4Tests */ = {
			isa = PBXGroup;
			children = (
				9BB0BCFB28B919FB00D03AE8 /* Practica4Tests.swift */,
			);
			path = Practica4Tests;
			sourceTree = "<group>";
		};
		9BB0BD0428B919FB00D03AE8 /* Practica4UITests */ = {
			isa = PBXGroup;
			children = (
				9BB0BD0528B919FB00D03AE8 /* Practica4UITests.swift */,
				9BB0BD0728B919FB00D03AE8 /* Practica4UITestsLaunchTests.swift */,
			);
			path = Practica4UITests;
			sourceTree = "<group>";
		};
/* End PBXGroup section */

/* Begin PBXNativeTarget section */
		9BB0BCE028B919F800D03AE8 /* Practica4 */ = {
			isa = PBXNativeTarget;
			buildConfigurationList = 9BB0BD0B28B919FB00D03AE8 /* Build configuration list for PBXNativeTarget "Practica4" */;
			buildPhases = (
				9BB0BCDD28B919F800D03AE8 /* Sources */,
				9BB0BCDE28B919F800D03AE8 /* Frameworks */,
				9BB0BCDF28B919F800D03AE8 /* Resources */,
			);
			buildRules = (
			);
			dependencies = (
			);
			name = Practica4;
			productName = Practica4;
			productReference = 9BB0BCE128B919F800D03AE8 /* Practica4.app */;
			productType = "com.apple.product-type.application";
		};
		9BB0BCF628B919FB00D03AE8 /* Practica4Tests */ = {
			isa = PBXNativeTarget;
			buildConfigurationList = 9BB0BD0E28B919FB00D03AE8 /* Build configuration list for PBXNativeTarget "Practica4Tests" */;
			buildPhases = (
				9BB0BCF328B919FB00D03AE8 /* Sources */,
				9BB0BCF428B919FB00D03AE8 /* Frameworks */,
				9BB0BCF528B919FB00D03AE8 /* Resources */,
			);
			buildRules = (
			);
			dependencies = (
				9BB0BCF928B919FB00D03AE8 /* PBXTargetDependency */,
			);
			name = Practica4Tests;
			productName = Practica4Tests;
			productReference = 9BB0BCF728B919FB00D03AE8 /* Practica4Tests.xctest */;
			productType = "com.apple.product-type.bundle.unit-test";
		};
		9BB0BD0028B919FB00D03AE8 /* Practica4UITests */ = {
			isa = PBXNativeTarget;
			buildConfigurationList = 9BB0BD1128B919FB00D03AE8 /* Build configuration list for PBXNativeTarget "Practica4UITests" */;
			buildPhases = (
				9BB0BCFD28B919FB00D03AE8 /* Sources */,
				9BB0BCFE28B919FB00D03AE8 /* Frameworks */,
				9BB0BCFF28B919FB00D03AE8 /* Resources */,
			);
			buildRules = (
			);
			dependencies = (
				9BB0BD0328B919FB00D03AE8 /* PBXTargetDependency */,
			);
			name = Practica4UITests;
			productName = Practica4UITests;
			productReference = 9BB0BD0128B919FB00D03AE8 /* Practica4UITests.xctest */;
			productType = "com.apple.product-type.bundle.ui-testing";
		};
/* End PBXNativeTarget section */

/* Begin PBXProject section */
		9BB0BCD928B919F800D03AE8 /* Project object */ = {
			isa = PBXProject;
			attributes = {
				BuildIndependentTargetsInParallel = 1;
				LastSwiftUpdateCheck = 1340;
				LastUpgradeCheck = 1340;
				TargetAttributes = {
					9BB0BCE028B919F800D03AE8 = {
						CreatedOnToolsVersion = 13.4.1;
					};
					9BB0BCF628B919FB00D03AE8 = {
						CreatedOnToolsVersion = 13.4.1;
						TestTargetID = 9BB0BCE028B919F800D03AE8;
					};
					9BB0BD0028B919FB00D03AE8 = {
						CreatedOnToolsVersion = 13.4.1;
						TestTargetID = 9BB0BCE028B919F800D03AE8;
					};
				};
			};
			buildConfigurationList = 9BB0BCDC28B919F800D03AE8 /* Build configuration list for PBXProject "Practica4" */;
			compatibilityVersion = "Xcode 13.0";
			developmentRegion = en;
			hasScannedForEncodings = 0;
			knownRegions = (
				en,
				Base,
			);
			mainGroup = 9BB0BCD828B919F800D03AE8;
			productRefGroup = 9BB0BCE228B919F800D03AE8 /* Products */;
			projectDirPath = "";
			projectRoot = "";
			targets = (
				9BB0BCE028B919F800D03AE8 /* Practica4 */,
				9BB0BCF628B919FB00D03AE8 /* Practica4Tests */,
				9BB0BD0028B919FB00D03AE8 /* Practica4UITests */,
			);
		};
/* End PBXProject section */

/* Begin PBXResourcesBuildPhase section */
		9BB0BCDF28B919F800D03AE8 /* Resources */ = {
			isa = PBXResourcesBuildPhase;
			buildActionMask = 2147483647;
			files = (
				9BB0BCF128B919FB00D03AE8 /* LaunchScreen.storyboard in Resources */,
				9BB0BCEE28B919FB00D03AE8 /* Assets.xcassets in Resources */,
				9BB0BCEC28B919F800D03AE8 /* Main.storyboard in Resources */,
			);
			runOnlyForDeploymentPostprocessing = 0;
		};
		9BB0BCF528B919FB00D03AE8 /* Resources */ = {
			isa = PBXResourcesBuildPhase;
			buildActionMask = 2147483647;
			files = (
			);
			runOnlyForDeploymentPostprocessing = 0;
		};
		9BB0BCFF28B919FB00D03AE8 /* Resources */ = {
			isa = PBXResourcesBuildPhase;
			buildActionMask = 2147483647;
			files = (
			);
			runOnlyForDeploymentPostprocessing = 0;
		};
/* End PBXResourcesBuildPhase section */

/* Begin PBXSourcesBuildPhase section */
		9BB0BCDD28B919F800D03AE8 /* Sources */ = {
			isa = PBXSourcesBuildPhase;
			buildActionMask = 2147483647;
			files = (
				9BB0BCE928B919F800D03AE8 /* ViewController.swift in Sources */,
				9BB0BCE528B919F800D03AE8 /* AppDelegate.swift in Sources */,
				9BB0BCE728B919F800D03AE8 /* SceneDelegate.swift in Sources */,
			);
			runOnlyForDeploymentPostprocessing = 0;
		};
		9BB0BCF328B919FB00D03AE8 /* Sources */ = {
			isa = PBXSourcesBuildPhase;
			buildActionMask = 2147483647;
			files = (
				9BB0BCFC28B919FB00D03AE8 /* Practica4Tests.swift in Sources */,
			);
			runOnlyForDeploymentPostprocessing = 0;
		};
		9BB0BCFD28B919FB00D03AE8 /* Sources */ = {
			isa = PBXSourcesBuildPhase;
			buildActionMask = 2147483647;
			files = (
				9BB0BD0828B919FB00D03AE8 /* Practica4UITestsLaunchTests.swift in Sources */,
				9BB0BD0628B919FB00D03AE8 /* Practica4UITests.swift in Sources */,
			);
			runOnlyForDeploymentPostprocessing = 0;
		};
/* End PBXSourcesBuildPhase section */

/* Begin PBXTargetDependency section */
		9BB0BCF928B919FB00D03AE8 /* PBXTargetDependency */ = {
			isa = PBXTargetDependency;
			target = 9BB0BCE028B919F800D03AE8 /* Practica4 */;
			targetProxy = 9BB0BCF828B919FB00D03AE8 /* PBXContainerItemProxy */;
		};
		9BB0BD0328B919FB00D03AE8 /* PBXTargetDependency */ = {
			isa = PBXTargetDependency;
			target = 9BB0BCE028B919F800D03AE8 /* Practica4 */;
			targetProxy = 9BB0BD0228B919FB00D03AE8 /* PBXContainerItemProxy */;
		};
/* End PBXTargetDependency section */

/* Begin PBXVariantGroup section */
		9BB0BCEA28B919F800D03AE8 /* Main.storyboard */ = {
			isa = PBXVariantGroup;
			children = (
				9BB0BCEB28B919F800D03AE8 /* Base */,
			);
			name = Main.storyboard;
			sourceTree = "<group>";
		};
		9BB0BCEF28B919FB00D03AE8 /* LaunchScreen.storyboard */ = {
			isa = PBXVariantGroup;
			children = (
				9BB0BCF028B919FB00D03AE8 /* Base */,
			);
			name = LaunchScreen.storyboard;
			sourceTree = "<group>";
		};
/* End PBXVariantGroup section */

/* Begin XCBuildConfiguration section */
		9BB0BD0928B919FB00D03AE8 /* Debug */ = {
			isa = XCBuildConfiguration;
			buildSettings = {
				ALWAYS_SEARCH_USER_PATHS = NO;
				CLANG_ANALYZER_NONNULL = YES;
				CLANG_ANALYZER_NUMBER_OBJECT_CONVERSION = YES_AGGRESSIVE;
				CLANG_CXX_LANGUAGE_STANDARD = "gnu++17";
				CLANG_ENABLE_MODULES = YES;
				CLANG_ENABLE_OBJC_ARC = YES;
				CLANG_ENABLE_OBJC_WEAK = YES;
				CLANG_WARN_BLOCK_CAPTURE_AUTORELEASING = YES;
				CLANG_WARN_BOOL_CONVERSION = YES;
				CLANG_WARN_COMMA = YES;
				CLANG_WARN_CONSTANT_CONVERSION = YES;
				CLANG_WARN_DEPRECATED_OBJC_IMPLEMENTATIONS = YES;
				CLANG_WARN_DIRECT_OBJC_ISA_USAGE = YES_ERROR;
				CLANG_WARN_DOCUMENTATION_COMMENTS = YES;
				CLANG_WARN_EMPTY_BODY = YES;
				CLANG_WARN_ENUM_CONVERSION = YES;
				CLANG_WARN_INFINITE_RECURSION = YES;
				CLANG_WARN_INT_CONVERSION = YES;
				CLANG_WARN_NON_LITERAL_NULL_CONVERSION = YES;
				CLANG_WARN_OBJC_IMPLICIT_RETAIN_SELF = YES;
				CLANG_WARN_OBJC_LITERAL_CONVERSION = YES;
				CLANG_WARN_OBJC_ROOT_CLASS = YES_ERROR;
				CLANG_WARN_QUOTED_INCLUDE_IN_FRAMEWORK_HEADER = YES;
				CLANG_WARN_RANGE_LOOP_ANALYSIS = YES;
				CLANG_WARN_STRICT_PROTOTYPES = YES;
				CLANG_WARN_SUSPICIOUS_MOVE = YES;
				CLANG_WARN_UNGUARDED_AVAILABILITY = YES_AGGRESSIVE;
				CLANG_WARN_UNREACHABLE_CODE = YES;
				CLANG_WARN__DUPLICATE_METHOD_MATCH = YES;
				COPY_PHASE_STRIP = NO;
				DEBUG_INFORMATION_FORMAT = dwarf;
				ENABLE_STRICT_OBJC_MSGSEND = YES;
				ENABLE_TESTABILITY = YES;
				GCC_C_LANGUAGE_STANDARD = gnu11;
				GCC_DYNAMIC_NO_PIC = NO;
				GCC_NO_COMMON_BLOCKS = YES;
				GCC_OPTIMIZATION_LEVEL = 0;
				GCC_PREPROCESSOR_DEFINITIONS = (
					"DEBUG=1",
					"$(inherited)",
				);
				GCC_WARN_64_TO_32_BIT_CONVERSION = YES;
				GCC_WARN_ABOUT_RETURN_TYPE = YES_ERROR;
				GCC_WARN_UNDECLARED_SELECTOR = YES;
				GCC_WARN_UNINITIALIZED_AUTOS = YES_AGGRESSIVE;
				GCC_WARN_UNUSED_FUNCTION = YES;
				GCC_WARN_UNUSED_VARIABLE = YES;
				IPHONEOS_DEPLOYMENT_TARGET = 15.5;
				MTL_ENABLE_DEBUG_INFO = INCLUDE_SOURCE;
				MTL_FAST_MATH = YES;
				ONLY_ACTIVE_ARCH = YES;
				SDKROOT = iphoneos;
				SWIFT_ACTIVE_COMPILATION_CONDITIONS = DEBUG;
				SWIFT_OPTIMIZATION_LEVEL = "-Onone";
			};
			name = Debug;
		};
		9BB0BD0A28B919FB00D03AE8 /* Release */ = {
			isa = XCBuildConfiguration;
			buildSettings = {
				ALWAYS_SEARCH_USER_PATHS = NO;
				CLANG_ANALYZER_NONNULL = YES;
				CLANG_ANALYZER_NUMBER_OBJECT_CONVERSION = YES_AGGRESSIVE;
				CLANG_CXX_LANGUAGE_STANDARD = "gnu++17";
				CLANG_ENABLE_MODULES = YES;
				CLANG_ENABLE_OBJC_ARC = YES;
				CLANG_ENABLE_OBJC_WEAK = YES;
				CLANG_WARN_BLOCK_CAPTURE_AUTORELEASING = YES;
				CLANG_WARN_BOOL_CONVERSION = YES;
				CLANG_WARN_COMMA = YES;
				CLANG_WARN_CONSTANT_CONVERSION = YES;
				CLANG_WARN_DEPRECATED_OBJC_IMPLEMENTATIONS = YES;
				CLANG_WARN_DIRECT_OBJC_ISA_USAGE = YES_ERROR;
				CLANG_WARN_DOCUMENTATION_COMMENTS = YES;
				CLANG_WARN_EMPTY_BODY = YES;
				CLANG_WARN_ENUM_CONVERSION = YES;
				CLANG_WARN_INFINITE_RECURSION = YES;
				CLANG_WARN_INT_CONVERSION = YES;
				CLANG_WARN_NON_LITERAL_NULL_CONVERSION = YES;
				CLANG_WARN_OBJC_IMPLICIT_RETAIN_SELF = YES;
				CLANG_WARN_OBJC_LITERAL_CONVERSION = YES;
				CLANG_WARN_OBJC_ROOT_CLASS = YES_ERROR;
				CLANG_WARN_QUOTED_INCLUDE_IN_FRAMEWORK_HEADER = YES;
				CLANG_WARN_RANGE_LOOP_ANALYSIS = YES;
				CLANG_WARN_STRICT_PROTOTYPES = YES;
				CLANG_WARN_SUSPICIOUS_MOVE = YES;
				CLANG_WARN_UNGUARDED_AVAILABILITY = YES_AGGRESSIVE;
				CLANG_WARN_UNREACHABLE_CODE = YES;
				CLANG_WARN__DUPLICATE_METHOD_MATCH = YES;
				COPY_PHASE_STRIP = NO;
				DEBUG_INFORMATION_FORMAT = "dwarf-with-dsym";
				ENABLE_NS_ASSERTIONS = NO;
				ENABLE_STRICT_OBJC_MSGSEND = YES;
				GCC_C_LANGUAGE_STANDARD = gnu11;
				GCC_NO_COMMON_BLOCKS = YES;
				GCC_WARN_64_TO_32_BIT_CONVERSION = YES;
				GCC_WARN_ABOUT_RETURN_TYPE = YES_ERROR;
				GCC_WARN_UNDECLARED_SELECTOR = YES;
				GCC_WARN_UNINITIALIZED_AUTOS = YES_AGGRESSIVE;
				GCC_WARN_UNUSED_FUNCTION = YES;
				GCC_WARN_UNUSED_VARIABLE = YES;
				IPHONEOS_DEPLOYMENT_TARGET = 15.5;
				MTL_ENABLE_DEBUG_INFO = NO;
				MTL_FAST_MATH = YES;
				SDKROOT = iphoneos;
				SWIFT_COMPILATION_MODE = wholemodule;
				SWIFT_OPTIMIZATION_LEVEL = "-O";
				VALIDATE_PRODUCT = YES;
			};
			name = Release;
		};
		9BB0BD0C28B919FB00D03AE8 /* Debug */ = {
			isa = XCBuildConfiguration;
			buildSettings = {
				ASSETCATALOG_COMPILER_APPICON_NAME = AppIcon;
				ASSETCATALOG_COMPILER_GLOBAL_ACCENT_COLOR_NAME = AccentColor;
				CODE_SIGN_STYLE = Automatic;
				CURRENT_PROJECT_VERSION = 1;
				GENERATE_INFOPLIST_FILE = YES;
				INFOPLIST_FILE = Practica4/Info.plist;
				INFOPLIST_KEY_UIApplicationSupportsIndirectInputEvents = YES;
				INFOPLIST_KEY_UILaunchStoryboardName = LaunchScreen;
				INFOPLIST_KEY_UIMainStoryboardFile = Main;
				INFOPLIST_KEY_UISupportedInterfaceOrientations_iPad = "UIInterfaceOrientationPortrait UIInterfaceOrientationPortraitUpsideDown UIInterfaceOrientationLandscapeLeft UIInterfaceOrientationLandscapeRight";
				INFOPLIST_KEY_UISupportedInterfaceOrientations_iPhone = "UIInterfaceOrientationPortrait UIInterfaceOrientationLandscapeLeft UIInterfaceOrientationLandscapeRight";
				LD_RUNPATH_SEARCH_PATHS = (
					"$(inherited)",
					"@executable_path/Frameworks",
				);
				MARKETING_VERSION = 1.0;
				PRODUCT_BUNDLE_IDENTIFIER = com.practica4.Practica4;
				PRODUCT_NAME = "$(TARGET_NAME)";
				SWIFT_EMIT_LOC_STRINGS = YES;
				SWIFT_VERSION = 5.0;
				TARGETED_DEVICE_FAMILY = "1,2";
			};
			name = Debug;
		};
		9BB0BD0D28B919FB00D03AE8 /* Release */ = {
			isa = XCBuildConfiguration;
			buildSettings = {
				ASSETCATALOG_COMPILER_APPICON_NAME = AppIcon;
				ASSETCATALOG_COMPILER_GLOBAL_ACCENT_COLOR_NAME = AccentColor;
				CODE_SIGN_STYLE = Automatic;
				CURRENT_PROJECT_VERSION = 1;
				GENERATE_INFOPLIST_FILE = YES;
				INFOPLIST_FILE = Practica4/Info.plist;
				INFOPLIST_KEY_UIApplicationSupportsIndirectInputEvents = YES;
				INFOPLIST_KEY_UILaunchStoryboardName = LaunchScreen;
				INFOPLIST_KEY_UIMainStoryboardFile = Main;
				INFOPLIST_KEY_UISupportedInterfaceOrientations_iPad = "UIInterfaceOrientationPortrait UIInterfaceOrientationPortraitUpsideDown UIInterfaceOrientationLandscapeLeft UIInterfaceOrientationLandscapeRight";
				INFOPLIST_KEY_UISupportedInterfaceOrientations_iPhone = "UIInterfaceOrientationPortrait UIInterfaceOrientationLandscapeLeft UIInterfaceOrientationLandscapeRight";
				LD_RUNPATH_SEARCH_PATHS = (
					"$(inherited)",
					"@executable_path/Frameworks",
				);
				MARKETING_VERSION = 1.0;
				PRODUCT_BUNDLE_IDENTIFIER = com.practica4.Practica4;
				PRODUCT_NAME = "$(TARGET_NAME)";
				SWIFT_EMIT_LOC_STRINGS = YES;
				SWIFT_VERSION = 5.0;
				TARGETED_DEVICE_FAMILY = "1,2";
			};
			name = Release;
		};
		9BB0BD0F28B919FB00D03AE8 /* Debug */ = {
			isa = XCBuildConfiguration;
			buildSettings = {
				ALWAYS_EMBED_SWIFT_STANDARD_LIBRARIES = YES;
				BUNDLE_LOADER = "$(TEST_HOST)";
				CODE_SIGN_STYLE = Automatic;
				CURRENT_PROJECT_VERSION = 1;
				GENERATE_INFOPLIST_FILE = YES;
				IPHONEOS_DEPLOYMENT_TARGET = 15.5;
				MARKETING_VERSION = 1.0;
				PRODUCT_BUNDLE_IDENTIFIER = com.practica4.Practica4Tests;
				PRODUCT_NAME = "$(TARGET_NAME)";
				SWIFT_EMIT_LOC_STRINGS = NO;
				SWIFT_VERSION = 5.0;
				TARGETED_DEVICE_FAMILY = "1,2";
				TEST_HOST = "$(BUILT_PRODUCTS_DIR)/Practica4.app/Practica4";
			};
			name = Debug;
		};
		9BB0BD1028B919FB00D03AE8 /* Release */ = {
			isa = XCBuildConfiguration;
			buildSettings = {
				ALWAYS_EMBED_SWIFT_STANDARD_LIBRARIES = YES;
				BUNDLE_LOADER = "$(TEST_HOST)";
				CODE_SIGN_STYLE = Automatic;
				CURRENT_PROJECT_VERSION = 1;
				GENERATE_INFOPLIST_FILE = YES;
				IPHONEOS_DEPLOYMENT_TARGET = 15.5;
				MARKETING_VERSION = 1.0;
				PRODUCT_BUNDLE_IDENTIFIER = com.practica4.Practica4Tests;
				PRODUCT_NAME = "$(TARGET_NAME)";
				SWIFT_EMIT_LOC_STRINGS = NO;
				SWIFT_VERSION = 5.0;
				TARGETED_DEVICE_FAMILY = "1,2";
				TEST_HOST = "$(BUILT_PRODUCTS_DIR)/Practica4.app/Practica4";
			};
			name = Release;
		};
		9BB0BD1228B919FB00D03AE8 /* Debug */ = {
			isa = XCBuildConfiguration;
			buildSettings = {
				ALWAYS_EMBED_SWIFT_STANDARD_LIBRARIES = YES;
				CODE_SIGN_STYLE = Automatic;
				CURRENT_PROJECT_VERSION = 1;
				GENERATE_INFOPLIST_FILE = YES;
				MARKETING_VERSION = 1.0;
				PRODUCT_BUNDLE_IDENTIFIER = com.practica4.Practica4UITests;
				PRODUCT_NAME = "$(TARGET_NAME)";
				SWIFT_EMIT_LOC_STRINGS = NO;
				SWIFT_VERSION = 5.0;
				TARGETED_DEVICE_FAMILY = "1,2";
				TEST_TARGET_NAME = Practica4;
			};
			name = Debug;
		};
		9BB0BD1328B919FB00D03AE8 /* Release */ = {
			isa = XCBuildConfiguration;
			buildSettings = {
				ALWAYS_EMBED_SWIFT_STANDARD_LIBRARIES = YES;
				CODE_SIGN_STYLE = Automatic;
				CURRENT_PROJECT_VERSION = 1;
				GENERATE_INFOPLIST_FILE = YES;
				MARKETING_VERSION = 1.0;
				PRODUCT_BUNDLE_IDENTIFIER = com.practica4.Practica4UITests;
				PRODUCT_NAME = "$(TARGET_NAME)";
				SWIFT_EMIT_LOC_STRINGS = NO;
				SWIFT_VERSION = 5.0;
				TARGETED_DEVICE_FAMILY = "1,2";
				TEST_TARGET_NAME = Practica4;
			};
			name = Release;
		};
/* End XCBuildConfiguration section */

/* Begin XCConfigurationList section */
		9BB0BCDC28B919F800D03AE8 /* Build configuration list for PBXProject "Practica4" */ = {
			isa = XCConfigurationList;
			buildConfigurations = (
				9BB0BD0928B919FB00D03AE8 /* Debug */,
				9BB0BD0A28B919FB00D03AE8 /* Release */,
			);
			defaultConfigurationIsVisible = 0;
			defaultConfigurationName = Release;
		};
		9BB0BD0B28B919FB00D03AE8 /* Build configuration list for PBXNativeTarget "Practica4" */ = {
			isa = XCConfigurationList;
			buildConfigurations = (
				9BB0BD0C28B919FB00D03AE8 /* Debug */,
				9BB0BD0D28B919FB00D03AE8 /* Release */,
			);
			defaultConfigurationIsVisible = 0;
			defaultConfigurationName = Release;
		};
		9BB0BD0E28B919FB00D03AE8 /* Build configuration list for PBXNativeTarget "Practica4Tests" */ = {
			isa = XCConfigurationList;
			buildConfigurations = (
				9BB0BD0F28B919FB00D03AE8 /* Debug */,
				9BB0BD1028B919FB00D03AE8 /* Release */,
			);
			defaultConfigurationIsVisible = 0;
			defaultConfigurationName = Release;
		};
		9BB0BD1128B919FB00D03AE8 /* Build configuration list for PBXNativeTarget "Practica4UITests" */ = {
			isa = XCConfigurationList;
			buildConfigurations = (
				9BB0BD1228B919FB00D03AE8 /* Debug */,
				9BB0BD1328B919FB00D03AE8 /* Release */,
			);
			defaultConfigurationIsVisible = 0;
			defaultConfigurationName = Release;
		};
/* End XCConfigurationList section */
	};
	rootObject = 9BB0BCD928B919F800D03AE8 /* Project object */;
}
